Microsoft Visual Studio Solution File, Format Version 12.00
# Visual Studio Version 17
VisualStudioVersion = 17.5.2.0
MinimumVisualStudioVersion = 10.0.40219.1
Project("{FAE04EC0-301F-11D3-BF4B-00C04F79EFBC}") = "MyPortfolio", "MyPortfolio.csproj", "{BB0E12CE-5D91-4707-9DD9-389E1C7CE3C3}"
EndProject
Global
	GlobalSection(SolutionConfigurationPlatforms) = preSolution
		Debug|Any CPU = Debug|Any CPU
		Release|Any CPU = Release|Any CPU
	EndGlobalSection
	GlobalSection(ProjectConfigurationPlatforms) = postSolution
		{BB0E12CE-5D91-4707-9DD9-389E1C7CE3C3}.Debug|Any CPU.ActiveCfg = Debug|Any CPU
		{BB0E12CE-5D91-4707-9DD9-389E1C7CE3C3}.Debug|Any CPU.Build.0 = Debug|Any CPU
		{BB0E12CE-5D91-4707-9DD9-389E1C7CE3C3}.Release|Any CPU.ActiveCfg = Release|Any CPU
		{BB0E12CE-5D91-4707-9DD9-389E1C7CE3C3}.Release|Any CPU.Build.0 = Release|Any CPU
	EndGlobalSection
	GlobalSection(SolutionProperties) = preSolution
		HideSolutionNode = FALSE
	EndGlobalSection
	GlobalSection(ExtensibilityGlobals) = postSolution
		SolutionGuid = {929023D1-531D-400C-ACED-D51713C2C59F}
	EndGlobalSection
EndGlobal
